
Microsoft Visual Studio Solution File, Format Version 12.00
# Visual Studio 15
VisualStudioVersion = 15.0.27130.2026
MinimumVisualStudioVersion = 10.0.40219.1
Project("{FAE04EC0-301F-11D3-BF4B-00C04F79EFBC}") = "l1ExpData", "l1ExpData\l1ExpData.csproj", "{520EF5FD-D1BB-493E-A638-D3D803417C4D}"
EndProject
Global
	GlobalSection(SolutionConfigurationPlatforms) = preSolution
		Debug|Any CPU = Debug|Any CPU
		Release|Any CPU = Release|Any CPU
	EndGlobalSection
	GlobalSection(ProjectConfigurationPlatforms) = postSolution
		{520EF5FD-D1BB-493E-A638-D3D803417C4D}.Debug|Any CPU.ActiveCfg = Debug|Any CPU
		{520EF5FD-D1BB-493E-A638-D3D803417C4D}.Debug|Any CPU.Build.0 = Debug|Any CPU
		{520EF5FD-D1BB-493E-A638-D3D803417C4D}.Release|Any CPU.ActiveCfg = Release|Any CPU
		{520EF5FD-D1BB-493E-A638-D3D803417C4D}.Release|Any CPU.Build.0 = Release|Any CPU
	EndGlobalSection
	GlobalSection(SolutionProperties) = preSolution
		HideSolutionNode = FALSE
	EndGlobalSection
	GlobalSection(ExtensibilityGlobals) = postSolution
		SolutionGuid = {CBA6AC5E-05FD-418C-BCD6-4915317A0D36}
	EndGlobalSection
EndGlobal
